// !$*UTF8*$!
{
	archiveVersion = 1;
	classes = {
	};
	objectVersion = 55;
	objects = {

/* Begin PBXBuildFile section */
		DE8119822899CDF300B48F59 /* AppDelegate.swift in Sources */ = {isa = PBXBuildFile; fileRef = DE8119812899CDF300B48F59 /* AppDelegate.swift */; };
		DE8119842899CDF300B48F59 /* SceneDelegate.swift in Sources */ = {isa = PBXBuildFile; fileRef = DE8119832899CDF300B48F59 /* SceneDelegate.swift */; };
		DE8119862899CDF300B48F59 /* HomeViewController.swift in Sources */ = {isa = PBXBuildFile; fileRef = DE8119852899CDF300B48F59 /* HomeViewController.swift */; };
		DE81198B2899CDF500B48F59 /* Assets.xcassets in Resources */ = {isa = PBXBuildFile; fileRef = DE81198A2899CDF500B48F59 /* Assets.xcassets */; };
		DE81198E2899CDF500B48F59 /* LaunchScreen.storyboard in Resources */ = {isa = PBXBuildFile; fileRef = DE81198C2899CDF500B48F59 /* LaunchScreen.storyboard */; };
		DE81199A2899CFE700B48F59 /* TextFieldViewComponent.swift in Sources */ = {isa = PBXBuildFile; fileRef = DE8119992899CFE700B48F59 /* TextFieldViewComponent.swift */; };
		DE81199C2899CFF700B48F59 /* SwitchComponent.swift in Sources */ = {isa = PBXBuildFile; fileRef = DE81199B2899CFF700B48F59 /* SwitchComponent.swift */; };
		DE81199F2899E7E500B48F59 /* PasswordManager.swift in Sources */ = {isa = PBXBuildFile; fileRef = DE81199E2899E7E500B48F59 /* PasswordManager.swift */; };
		DECCD968289ACCF8006677C8 /* TextFieldComponent.swift in Sources */ = {isa = PBXBuildFile; fileRef = DECCD967289ACCF8006677C8 /* TextFieldComponent.swift */; };
		DECCD96A289ADB2B006677C8 /* ShowListPasswordsViewController.swift in Sources */ = {isa = PBXBuildFile; fileRef = DECCD969289ADB2B006677C8 /* ShowListPasswordsViewController.swift */; };
		DECCD96C289ADDBC006677C8 /* PasswordTableViewCell.swift in Sources */ = {isa = PBXBuildFile; fileRef = DECCD96B289ADDBC006677C8 /* PasswordTableViewCell.swift */; };
		DED3D997289B1E7E00328994 /* ShowListPasswordsPresenter.swift in Sources */ = {isa = PBXBuildFile; fileRef = DED3D996289B1E7E00328994 /* ShowListPasswordsPresenter.swift */; };
		DED3D999289B1F6300328994 /* PasswordGenerateModel.swift in Sources */ = {isa = PBXBuildFile; fileRef = DED3D998289B1F6300328994 /* PasswordGenerateModel.swift */; };
		DED3D99D289B253100328994 /* Threading.swift in Sources */ = {isa = PBXBuildFile; fileRef = DED3D99C289B253100328994 /* Threading.swift */; };
		DED3D99F289B25A700328994 /* UIViewController+Extensions.swift in Sources */ = {isa = PBXBuildFile; fileRef = DED3D99E289B25A700328994 /* UIViewController+Extensions.swift */; };
/* End PBXBuildFile section */

/* Begin PBXFileReference section */
		DE81197E2899CDF300B48F59 /* PasswordGenerator.app */ = {isa = PBXFileReference; explicitFileType = wrapper.application; includeInIndex = 0; path = PasswordGenerator.app; sourceTree = BUILT_PRODUCTS_DIR; };
		DE8119812899CDF300B48F59 /* AppDelegate.swift */ = {isa = PBXFileReference; lastKnownFileType = sourcecode.swift; path = AppDelegate.swift; sourceTree = "<group>"; };
		DE8119832899CDF300B48F59 /* SceneDelegate.swift */ = {isa = PBXFileReference; lastKnownFileType = sourcecode.swift; path = SceneDelegate.swift; sourceTree = "<group>"; };
		DE8119852899CDF300B48F59 /* HomeViewController.swift */ = {isa = PBXFileReference; lastKnownFileType = sourcecode.swift; path = HomeViewController.swift; sourceTree = "<group>"; };
		DE81198A2899CDF500B48F59 /* Assets.xcassets */ = {isa = PBXFileReference; lastKnownFileType = folder.assetcatalog; path = Assets.xcassets; sourceTree = "<group>"; };
		DE81198D2899CDF500B48F59 /* Base */ = {isa = PBXFileReference; lastKnownFileType = file.storyboard; name = Base; path = Base.lproj/LaunchScreen.storyboard; sourceTree = "<group>"; };
		DE81198F2899CDF500B48F59 /* Info.plist */ = {isa = PBXFileReference; lastKnownFileType = text.plist.xml; path = Info.plist; sourceTree = "<group>"; };
		DE8119992899CFE700B48F59 /* TextFieldViewComponent.swift */ = {isa = PBXFileReference; lastKnownFileType = sourcecode.swift; path = TextFieldViewComponent.swift; sourceTree = "<group>"; };
		DE81199B2899CFF700B48F59 /* SwitchComponent.swift */ = {isa = PBXFileReference; lastKnownFileType = sourcecode.swift; path = SwitchComponent.swift; sourceTree = "<group>"; };
		DE81199E2899E7E500B48F59 /* PasswordManager.swift */ = {isa = PBXFileReference; lastKnownFileType = sourcecode.swift; path = PasswordManager.swift; sourceTree = "<group>"; };
		DECCD967289ACCF8006677C8 /* TextFieldComponent.swift */ = {isa = PBXFileReference; lastKnownFileType = sourcecode.swift; path = TextFieldComponent.swift; sourceTree = "<group>"; };
		DECCD969289ADB2B006677C8 /* ShowListPasswordsViewController.swift */ = {isa = PBXFileReference; lastKnownFileType = sourcecode.swift; path = ShowListPasswordsViewController.swift; sourceTree = "<group>"; };
		DECCD96B289ADDBC006677C8 /* PasswordTableViewCell.swift */ = {isa = PBXFileReference; lastKnownFileType = sourcecode.swift; path = PasswordTableViewCell.swift; sourceTree = "<group>"; };
		DED3D996289B1E7E00328994 /* ShowListPasswordsPresenter.swift */ = {isa = PBXFileReference; lastKnownFileType = sourcecode.swift; path = ShowListPasswordsPresenter.swift; sourceTree = "<group>"; };
		DED3D998289B1F6300328994 /* PasswordGenerateModel.swift */ = {isa = PBXFileReference; lastKnownFileType = sourcecode.swift; path = PasswordGenerateModel.swift; sourceTree = "<group>"; };
		DED3D99C289B253100328994 /* Threading.swift */ = {isa = PBXFileReference; lastKnownFileType = sourcecode.swift; path = Threading.swift; sourceTree = "<group>"; };
		DED3D99E289B25A700328994 /* UIViewController+Extensions.swift */ = {isa = PBXFileReference; lastKnownFileType = sourcecode.swift; path = "UIViewController+Extensions.swift"; sourceTree = "<group>"; };
/* End PBXFileReference section */

/* Begin PBXFrameworksBuildPhase section */
		DE81197B2899CDF300B48F59 /* Frameworks */ = {
			isa = PBXFrameworksBuildPhase;
			buildActionMask = 2147483647;
			files = (
			);
			runOnlyForDeploymentPostprocessing = 0;
		};
/* End PBXFrameworksBuildPhase section */

/* Begin PBXGroup section */
		DE8119752899CDF300B48F59 = {
			isa = PBXGroup;
			children = (
				DE8119802899CDF300B48F59 /* PasswordGenerator */,
				DE81197F2899CDF300B48F59 /* Products */,
			);
			sourceTree = "<group>";
		};
		DE81197F2899CDF300B48F59 /* Products */ = {
			isa = PBXGroup;
			children = (
				DE81197E2899CDF300B48F59 /* PasswordGenerator.app */,
			);
			name = Products;
			sourceTree = "<group>";
		};
		DE8119802899CDF300B48F59 /* PasswordGenerator */ = {
			isa = PBXGroup;
			children = (
				DED3D99B289B252000328994 /* Common */,
				DED3D99A289B23D400328994 /* Model */,
				DE81199D2899E7C900B48F59 /* Manager */,
				DE8119982899CFA900B48F59 /* Views */,
				DE8119962899CF9800B48F59 /* Components */,
				DE8119952899CF8700B48F59 /* Delegates */,
				DE81198A2899CDF500B48F59 /* Assets.xcassets */,
				DE81198C2899CDF500B48F59 /* LaunchScreen.storyboard */,
				DE81198F2899CDF500B48F59 /* Info.plist */,
			);
			path = PasswordGenerator;
			sourceTree = "<group>";
		};
		DE8119952899CF8700B48F59 /* Delegates */ = {
			isa = PBXGroup;
			children = (
				DE8119812899CDF300B48F59 /* AppDelegate.swift */,
				DE8119832899CDF300B48F59 /* SceneDelegate.swift */,
			);
			path = Delegates;
			sourceTree = "<group>";
		};
		DE8119962899CF9800B48F59 /* Components */ = {
			isa = PBXGroup;
			children = (
				DE8119992899CFE700B48F59 /* TextFieldViewComponent.swift */,
				DE81199B2899CFF700B48F59 /* SwitchComponent.swift */,
				DECCD967289ACCF8006677C8 /* TextFieldComponent.swift */,
				DECCD96B289ADDBC006677C8 /* PasswordTableViewCell.swift */,
			);
			path = Components;
			sourceTree = "<group>";
		};
		DE8119982899CFA900B48F59 /* Views */ = {
			isa = PBXGroup;
			children = (
				DED3D995289B1E5600328994 /* Show List Passwords */,
				DED3D994289B1E4B00328994 /* Home */,
			);
			path = Views;
			sourceTree = "<group>";
		};
		DE81199D2899E7C900B48F59 /* Manager */ = {
			isa = PBXGroup;
			children = (
				DE81199E2899E7E500B48F59 /* PasswordManager.swift */,
			);
			path = Manager;
			sourceTree = "<group>";
		};
		DED3D994289B1E4B00328994 /* Home */ = {
			isa = PBXGroup;
			children = (
				DE8119852899CDF300B48F59 /* HomeViewController.swift */,
			);
			path = Home;
			sourceTree = "<group>";
		};
		DED3D995289B1E5600328994 /* Show List Passwords */ = {
			isa = PBXGroup;
			children = (
				DECCD969289ADB2B006677C8 /* ShowListPasswordsViewController.swift */,
				DED3D996289B1E7E00328994 /* ShowListPasswordsPresenter.swift */,
			);
			path = "Show List Passwords";
			sourceTree = "<group>";
		};
		DED3D99A289B23D400328994 /* Model */ = {
			isa = PBXGroup;
			children = (
				DED3D998289B1F6300328994 /* PasswordGenerateModel.swift */,
			);
			path = Model;
			sourceTree = "<group>";
		};
		DED3D99B289B252000328994 /* Common */ = {
			isa = PBXGroup;
			children = (
				DED3D99C289B253100328994 /* Threading.swift */,
				DED3D99E289B25A700328994 /* UIViewController+Extensions.swift */,
			);
			path = Common;
			sourceTree = "<group>";
		};
/* End PBXGroup section */

/* Begin PBXNativeTarget section */
		DE81197D2899CDF300B48F59 /* PasswordGenerator */ = {
			isa = PBXNativeTarget;
			buildConfigurationList = DE8119922899CDF500B48F59 /* Build configuration list for PBXNativeTarget "PasswordGenerator" */;
			buildPhases = (
				DE81197A2899CDF300B48F59 /* Sources */,
				DE81197B2899CDF300B48F59 /* Frameworks */,
				DE81197C2899CDF300B48F59 /* Resources */,
			);
			buildRules = (
			);
			dependencies = (
			);
			name = PasswordGenerator;
			productName = PasswordGenerator;
			productReference = DE81197E2899CDF300B48F59 /* PasswordGenerator.app */;
			productType = "com.apple.product-type.application";
		};
/* End PBXNativeTarget section */

/* Begin PBXProject section */
		DE8119762899CDF300B48F59 /* Project object */ = {
			isa = PBXProject;
			attributes = {
				BuildIndependentTargetsInParallel = 1;
				LastSwiftUpdateCheck = 1320;
				LastUpgradeCheck = 1320;
				TargetAttributes = {
					DE81197D2899CDF300B48F59 = {
						CreatedOnToolsVersion = 13.2.1;
					};
				};
			};
			buildConfigurationList = DE8119792899CDF300B48F59 /* Build configuration list for PBXProject "PasswordGenerator" */;
			compatibilityVersion = "Xcode 13.0";
			developmentRegion = en;
			hasScannedForEncodings = 0;
			knownRegions = (
				en,
				Base,
			);
			mainGroup = DE8119752899CDF300B48F59;
			productRefGroup = DE81197F2899CDF300B48F59 /* Products */;
			projectDirPath = "";
			projectRoot = "";
			targets = (
				DE81197D2899CDF300B48F59 /* PasswordGenerator */,
			);
		};
/* End PBXProject section */

/* Begin PBXResourcesBuildPhase section */
		DE81197C2899CDF300B48F59 /* Resources */ = {
			isa = PBXResourcesBuildPhase;
			buildActionMask = 2147483647;
			files = (
				DE81198E2899CDF500B48F59 /* LaunchScreen.storyboard in Resources */,
				DE81198B2899CDF500B48F59 /* Assets.xcassets in Resources */,
			);
			runOnlyForDeploymentPostprocessing = 0;
		};
/* End PBXResourcesBuildPhase section */

/* Begin PBXSourcesBuildPhase section */
		DE81197A2899CDF300B48F59 /* Sources */ = {
			isa = PBXSourcesBuildPhase;
			buildActionMask = 2147483647;
			files = (
				DE81199F2899E7E500B48F59 /* PasswordManager.swift in Sources */,
				DE8119862899CDF300B48F59 /* HomeViewController.swift in Sources */,
				DE8119822899CDF300B48F59 /* AppDelegate.swift in Sources */,
				DECCD96C289ADDBC006677C8 /* PasswordTableViewCell.swift in Sources */,
				DED3D99D289B253100328994 /* Threading.swift in Sources */,
				DED3D99F289B25A700328994 /* UIViewController+Extensions.swift in Sources */,
				DE81199C2899CFF700B48F59 /* SwitchComponent.swift in Sources */,
				DECCD968289ACCF8006677C8 /* TextFieldComponent.swift in Sources */,
				DED3D997289B1E7E00328994 /* ShowListPasswordsPresenter.swift in Sources */,
				DECCD96A289ADB2B006677C8 /* ShowListPasswordsViewController.swift in Sources */,
				DE8119842899CDF300B48F59 /* SceneDelegate.swift in Sources */,
				DED3D999289B1F6300328994 /* PasswordGenerateModel.swift in Sources */,
				DE81199A2899CFE700B48F59 /* TextFieldViewComponent.swift in Sources */,
			);
			runOnlyForDeploymentPostprocessing = 0;
		};
/* End PBXSourcesBuildPhase section */

/* Begin PBXVariantGroup section */
		DE81198C2899CDF500B48F59 /* LaunchScreen.storyboard */ = {
			isa = PBXVariantGroup;
			children = (
				DE81198D2899CDF500B48F59 /* Base */,
			);
			name = LaunchScreen.storyboard;
			sourceTree = "<group>";
		};
/* End PBXVariantGroup section */

/* Begin XCBuildConfiguration section */
		DE8119902899CDF500B48F59 /* Debug */ = {
			isa = XCBuildConfiguration;
			buildSettings = {
				ALWAYS_SEARCH_USER_PATHS = NO;
				CLANG_ANALYZER_NONNULL = YES;
				CLANG_ANALYZER_NUMBER_OBJECT_CONVERSION = YES_AGGRESSIVE;
				CLANG_CXX_LANGUAGE_STANDARD = "gnu++17";
				CLANG_CXX_LIBRARY = "libc++";
				CLANG_ENABLE_MODULES = YES;
				CLANG_ENABLE_OBJC_ARC = YES;
				CLANG_ENABLE_OBJC_WEAK = YES;
				CLANG_WARN_BLOCK_CAPTURE_AUTORELEASING = YES;
				CLANG_WARN_BOOL_CONVERSION = YES;
				CLANG_WARN_COMMA = YES;
				CLANG_WARN_CONSTANT_CONVERSION = YES;
				CLANG_WARN_DEPRECATED_OBJC_IMPLEMENTATIONS = YES;
				CLANG_WARN_DIRECT_OBJC_ISA_USAGE = YES_ERROR;
				CLANG_WARN_DOCUMENTATION_COMMENTS = YES;
				CLANG_WARN_EMPTY_BODY = YES;
				CLANG_WARN_ENUM_CONVERSION = YES;
				CLANG_WARN_INFINITE_RECURSION = YES;
				CLANG_WARN_INT_CONVERSION = YES;
				CLANG_WARN_NON_LITERAL_NULL_CONVERSION = YES;
				CLANG_WARN_OBJC_IMPLICIT_RETAIN_SELF = YES;
				CLANG_WARN_OBJC_LITERAL_CONVERSION = YES;
				CLANG_WARN_OBJC_ROOT_CLASS = YES_ERROR;
				CLANG_WARN_QUOTED_INCLUDE_IN_FRAMEWORK_HEADER = YES;
				CLANG_WARN_RANGE_LOOP_ANALYSIS = YES;
				CLANG_WARN_STRICT_PROTOTYPES = YES;
				CLANG_WARN_SUSPICIOUS_MOVE = YES;
				CLANG_WARN_UNGUARDED_AVAILABILITY = YES_AGGRESSIVE;
				CLANG_WARN_UNREACHABLE_CODE = YES;
				CLANG_WARN__DUPLICATE_METHOD_MATCH = YES;
				COPY_PHASE_STRIP = NO;
				DEBUG_INFORMATION_FORMAT = dwarf;
				ENABLE_STRICT_OBJC_MSGSEND = YES;
				ENABLE_TESTABILITY = YES;
				GCC_C_LANGUAGE_STANDARD = gnu11;
				GCC_DYNAMIC_NO_PIC = NO;
				GCC_NO_COMMON_BLOCKS = YES;
				GCC_OPTIMIZATION_LEVEL = 0;
				GCC_PREPROCESSOR_DEFINITIONS = (
					"DEBUG=1",
					"$(inherited)",
				);
				GCC_WARN_64_TO_32_BIT_CONVERSION = YES;
				GCC_WARN_ABOUT_RETURN_TYPE = YES_ERROR;
				GCC_WARN_UNDECLARED_SELECTOR = YES;
				GCC_WARN_UNINITIALIZED_AUTOS = YES_AGGRESSIVE;
				GCC_WARN_UNUSED_FUNCTION = YES;
				GCC_WARN_UNUSED_VARIABLE = YES;
				IPHONEOS_DEPLOYMENT_TARGET = 15.2;
				MTL_ENABLE_DEBUG_INFO = INCLUDE_SOURCE;
				MTL_FAST_MATH = YES;
				ONLY_ACTIVE_ARCH = YES;
				SDKROOT = iphoneos;
				SWIFT_ACTIVE_COMPILATION_CONDITIONS = DEBUG;
				SWIFT_OPTIMIZATION_LEVEL = "-Onone";
			};
			name = Debug;
		};
		DE8119912899CDF500B48F59 /* Release */ = {
			isa = XCBuildConfiguration;
			buildSettings = {
				ALWAYS_SEARCH_USER_PATHS = NO;
				CLANG_ANALYZER_NONNULL = YES;
				CLANG_ANALYZER_NUMBER_OBJECT_CONVERSION = YES_AGGRESSIVE;
				CLANG_CXX_LANGUAGE_STANDARD = "gnu++17";
				CLANG_CXX_LIBRARY = "libc++";
				CLANG_ENABLE_MODULES = YES;
				CLANG_ENABLE_OBJC_ARC = YES;
				CLANG_ENABLE_OBJC_WEAK = YES;
				CLANG_WARN_BLOCK_CAPTURE_AUTORELEASING = YES;
				CLANG_WARN_BOOL_CONVERSION = YES;
				CLANG_WARN_COMMA = YES;
				CLANG_WARN_CONSTANT_CONVERSION = YES;
				CLANG_WARN_DEPRECATED_OBJC_IMPLEMENTATIONS = YES;
				CLANG_WARN_DIRECT_OBJC_ISA_USAGE = YES_ERROR;
				CLANG_WARN_DOCUMENTATION_COMMENTS = YES;
				CLANG_WARN_EMPTY_BODY = YES;
				CLANG_WARN_ENUM_CONVERSION = YES;
				CLANG_WARN_INFINITE_RECURSION = YES;
				CLANG_WARN_INT_CONVERSION = YES;
				CLANG_WARN_NON_LITERAL_NULL_CONVERSION = YES;
				CLANG_WARN_OBJC_IMPLICIT_RETAIN_SELF = YES;
				CLANG_WARN_OBJC_LITERAL_CONVERSION = YES;
				CLANG_WARN_OBJC_ROOT_CLASS = YES_ERROR;
				CLANG_WARN_QUOTED_INCLUDE_IN_FRAMEWORK_HEADER = YES;
				CLANG_WARN_RANGE_LOOP_ANALYSIS = YES;
				CLANG_WARN_STRICT_PROTOTYPES = YES;
				CLANG_WARN_SUSPICIOUS_MOVE = YES;
				CLANG_WARN_UNGUARDED_AVAILABILITY = YES_AGGRESSIVE;
				CLANG_WARN_UNREACHABLE_CODE = YES;
				CLANG_WARN__DUPLICATE_METHOD_MATCH = YES;
				COPY_PHASE_STRIP = NO;
				DEBUG_INFORMATION_FORMAT = "dwarf-with-dsym";
				ENABLE_NS_ASSERTIONS = NO;
				ENABLE_STRICT_OBJC_MSGSEND = YES;
				GCC_C_LANGUAGE_STANDARD = gnu11;
				GCC_NO_COMMON_BLOCKS = YES;
				GCC_WARN_64_TO_32_BIT_CONVERSION = YES;
				GCC_WARN_ABOUT_RETURN_TYPE = YES_ERROR;
				GCC_WARN_UNDECLARED_SELECTOR = YES;
				GCC_WARN_UNINITIALIZED_AUTOS = YES_AGGRESSIVE;
				GCC_WARN_UNUSED_FUNCTION = YES;
				GCC_WARN_UNUSED_VARIABLE = YES;
				IPHONEOS_DEPLOYMENT_TARGET = 15.2;
				MTL_ENABLE_DEBUG_INFO = NO;
				MTL_FAST_MATH = YES;
				SDKROOT = iphoneos;
				SWIFT_COMPILATION_MODE = wholemodule;
				SWIFT_OPTIMIZATION_LEVEL = "-O";
				VALIDATE_PRODUCT = YES;
			};
			name = Release;
		};
		DE8119932899CDF500B48F59 /* Debug */ = {
			isa = XCBuildConfiguration;
			buildSettings = {
				ASSETCATALOG_COMPILER_APPICON_NAME = AppIcon;
				ASSETCATALOG_COMPILER_GLOBAL_ACCENT_COLOR_NAME = AccentColor;
				CODE_SIGN_STYLE = Automatic;
				CURRENT_PROJECT_VERSION = 1;
				DEVELOPMENT_TEAM = K6X2T8VLH6;
				GENERATE_INFOPLIST_FILE = YES;
				INFOPLIST_FILE = PasswordGenerator/Info.plist;
				INFOPLIST_KEY_CFBundleDisplayName = "Password Generator";
				INFOPLIST_KEY_UIApplicationSupportsIndirectInputEvents = YES;
				INFOPLIST_KEY_UILaunchStoryboardName = LaunchScreen;
				INFOPLIST_KEY_UIRequiresFullScreen = NO;
				INFOPLIST_KEY_UIStatusBarHidden = NO;
				INFOPLIST_KEY_UISupportedInterfaceOrientations_iPad = "UIInterfaceOrientationPortrait UIInterfaceOrientationPortraitUpsideDown UIInterfaceOrientationLandscapeLeft UIInterfaceOrientationLandscapeRight";
				INFOPLIST_KEY_UISupportedInterfaceOrientations_iPhone = "UIInterfaceOrientationPortrait UIInterfaceOrientationLandscapeLeft UIInterfaceOrientationLandscapeRight";
				LD_RUNPATH_SEARCH_PATHS = (
					"$(inherited)",
					"@executable_path/Frameworks",
				);
				MARKETING_VERSION = 1.0;
				PRODUCT_BUNDLE_IDENTIFIER = com.acarolsf.apps.PasswordGenerator;
				PRODUCT_NAME = "$(TARGET_NAME)";
				SWIFT_EMIT_LOC_STRINGS = YES;
				SWIFT_VERSION = 5.0;
				TARGETED_DEVICE_FAMILY = "1,2";
			};
			name = Debug;
		};
		DE8119942899CDF500B48F59 /* Release */ = {
			isa = XCBuildConfiguration;
			buildSettings = {
				ASSETCATALOG_COMPILER_APPICON_NAME = AppIcon;
				ASSETCATALOG_COMPILER_GLOBAL_ACCENT_COLOR_NAME = AccentColor;
				CODE_SIGN_STYLE = Automatic;
				CURRENT_PROJECT_VERSION = 1;
				DEVELOPMENT_TEAM = K6X2T8VLH6;
				GENERATE_INFOPLIST_FILE = YES;
				INFOPLIST_FILE = PasswordGenerator/Info.plist;
				INFOPLIST_KEY_CFBundleDisplayName = "Password Generator";
				INFOPLIST_KEY_UIApplicationSupportsIndirectInputEvents = YES;
				INFOPLIST_KEY_UILaunchStoryboardName = LaunchScreen;
				INFOPLIST_KEY_UIRequiresFullScreen = NO;
				INFOPLIST_KEY_UIStatusBarHidden = NO;
				INFOPLIST_KEY_UISupportedInterfaceOrientations_iPad = "UIInterfaceOrientationPortrait UIInterfaceOrientationPortraitUpsideDown UIInterfaceOrientationLandscapeLeft UIInterfaceOrientationLandscapeRight";
				INFOPLIST_KEY_UISupportedInterfaceOrientations_iPhone = "UIInterfaceOrientationPortrait UIInterfaceOrientationLandscapeLeft UIInterfaceOrientationLandscapeRight";
				LD_RUNPATH_SEARCH_PATHS = (
					"$(inherited)",
					"@executable_path/Frameworks",
				);
				MARKETING_VERSION = 1.0;
				PRODUCT_BUNDLE_IDENTIFIER = com.acarolsf.apps.PasswordGenerator;
				PRODUCT_NAME = "$(TARGET_NAME)";
				SWIFT_EMIT_LOC_STRINGS = YES;
				SWIFT_VERSION = 5.0;
				TARGETED_DEVICE_FAMILY = "1,2";
			};
			name = Release;
		};
/* End XCBuildConfiguration section */

/* Begin XCConfigurationList section */
		DE8119792899CDF300B48F59 /* Build configuration list for PBXProject "PasswordGenerator" */ = {
			isa = XCConfigurationList;
			buildConfigurations = (
				DE8119902899CDF500B48F59 /* Debug */,
				DE8119912899CDF500B48F59 /* Release */,
			);
			defaultConfigurationIsVisible = 0;
			defaultConfigurationName = Release;
		};
		DE8119922899CDF500B48F59 /* Build configuration list for PBXNativeTarget "PasswordGenerator" */ = {
			isa = XCConfigurationList;
			buildConfigurations = (
				DE8119932899CDF500B48F59 /* Debug */,
				DE8119942899CDF500B48F59 /* Release */,
			);
			defaultConfigurationIsVisible = 0;
			defaultConfigurationName = Release;
		};
/* End XCConfigurationList section */
	};
	rootObject = DE8119762899CDF300B48F59 /* Project object */;
}
